
Microsoft Visual Studio Solution File, Format Version 12.00
# Visual Studio 15
VisualStudioVersion = 15.0.27130.0
MinimumVisualStudioVersion = 10.0.40219.1
Project("{FAE04EC0-301F-11D3-BF4B-00C04F79EFBC}") = "wordss", "wordss\wordss.csproj", "{558F36B7-87AE-4568-99A2-817267028B30}"
EndProject
Global
	GlobalSection(SolutionConfigurationPlatforms) = preSolution
		Debug|Any CPU = Debug|Any CPU
		Release|Any CPU = Release|Any CPU
	EndGlobalSection
	GlobalSection(ProjectConfigurationPlatforms) = postSolution
		{558F36B7-87AE-4568-99A2-817267028B30}.Debug|Any CPU.ActiveCfg = Debug|Any CPU
		{558F36B7-87AE-4568-99A2-817267028B30}.Debug|Any CPU.Build.0 = Debug|Any CPU
		{558F36B7-87AE-4568-99A2-817267028B30}.Release|Any CPU.ActiveCfg = Release|Any CPU
		{558F36B7-87AE-4568-99A2-817267028B30}.Release|Any CPU.Build.0 = Release|Any CPU
	EndGlobalSection
	GlobalSection(SolutionProperties) = preSolution
		HideSolutionNode = FALSE
	EndGlobalSection
	GlobalSection(ExtensibilityGlobals) = postSolution
		SolutionGuid = {3446D170-5172-4463-9852-FEAF285CAB29}
	EndGlobalSection
EndGlobal
